<?xml version="1.0" encoding="utf-8"?>
<Project ToolsVersion="4.0" xmlns="http://schemas.microsoft.com/developer/msbuild/2003">
  <ItemGroup>
    <ClCompile Include="Camera.cpp" />
    <ClCompile Include="CMenu.cpp" />
    <ClCompile Include="CObject.cpp" />
    <ClCompile Include="Collision.cpp" />
    <ClCompile Include="dsutil.cpp" />
    <ClCompile Include="DXManager.cpp" />
    <ClCompile Include="Game.cpp" />
    <ClCompile Include="Input.cpp" />
    <ClCompile Include="main.cpp" />
    <ClCompile Include="MenuInGame.cpp" />
    <ClCompile Include="Position.cpp" />
    <ClCompile Include="QuadTree.cpp" />
    <ClCompile Include="Sprite.cpp" />
    <ClCompile Include="StdAfx.cpp" />
    <ClCompile Include="CFile.cpp" />
    <ClCompile Include="Bass_Sound.cpp" />
  </ItemGroup>
  <ItemGroup>
    <ClInclude Include="Camera.h" />
    <ClInclude Include="CMenu.h" />
    <ClInclude Include="CObject.h" />
    <ClInclude Include="CObjectsList.h" />
    <ClInclude Include="Collision.h" />
    <ClInclude Include="CPrinny.h" />
    <ClInclude Include="dsutil.h" />
    <ClInclude Include="DXManager.h" />
    <ClInclude Include="Game.h" />
    <ClInclude Include="Information.h" />
    <ClInclude Include="Input.h" />
    <ClInclude Include="MenuInGame.h" />
    <ClInclude Include="Position.h" />
    <ClInclude Include="QuadTree.h" />
    <ClInclude Include="Sprite.h" />
    <ClInclude Include="StdAfx.h" />
    <ClInclude Include="CFile.h" />
    <ClInclude Include="bass.h" />
    <ClInclude Include="Bass_Sound.h" />
  </ItemGroup>
  <ItemGroup>
    <None Include="Pics\Border.png" />
    <None Include="Pics\Menu.png" />
    <None Include="Pics\MenuBG.png" />
    <None Include="Pics\MenuInGame.png" />
    <None Include="Pics\Prinny\Prinny.png" />
    <None Include="Pics\Prinny\walking.png" />
    <None Include="Sounds\startgame.wav" />
    <None Include="Sounds\Cut.wav" />
    <None Include="Sounds\MainBackground.wav" />
    <None Include="bass.dll" />
    <None Include="Sounds\Boom.ogg" />
    <None Include="Pics\Prinny\Chem.png" />
    <None Include="Map\Map1.txt" />
    <None Include="Pics\UNIT\Background1.png" />
    <None Include="Pics\UNIT\BreakBrick.png" />
    <None Include="Pics\UNIT\grass.png" />
    <None Include="Pics\UNIT\ROCK.png" />
  </ItemGroup>
  <ItemGroup>
    <Library Include="bass.lib" />
  </ItemGroup>
</Project>